# Generated from /workspace/ComfyUI/custom_nodes
- name: ComfyUI-Crystools
  repo: https://github.com/crystian/ComfyUI-Crystools
  commit: 2f18256c5b5063937106f29a8e0a7db3ae3869b7
  path: ComfyUI-Crystools
  requirements: requirements.txt
  install: []
- name: ComfyUI-Detail-Daemon
  repo: https://github.com/Jonseed/ComfyUI-Detail-Daemon
  commit: 39206d10849584e0b6ded943faca4dcd8747beb7
  path: ComfyUI-Detail-Daemon
  requirements: requirements.txt
  install: []
- name: ComfyUI-GGUF
  repo: https://github.com/city96/ComfyUI-GGUF
  commit: 6ea2651e7df66d7585f6ffee804b20e92fb38b8a
  path: ComfyUI-GGUF
  requirements: requirements.txt
  install: []
- name: ComfyUI-GGUF-FantasyTalking
  repo: https://github.com/kael558/ComfyUI-GGUF-FantasyTalking
  commit: 48dd427c5cf28cc849467dc97e54515286df0aa0
  path: ComfyUI-GGUF-FantasyTalking
  requirements: requirements.txt
  install: []
- name: ComfyUI-LogicMath
  repo: https://github.com/silveroxides/ComfyUI-LogicMath
  commit: 5b7b2e76065f27dc242e7ab1f0ead6908a8c4b03
  path: ComfyUI-LogicMath
  requirements: null
  install: []
- name: ComfyUI-Manager
  repo: https://github.com/Comfy-Org/ComfyUI-Manager
  commit: 2007eab26dd0561563543b9fefddbf4657c2646c
  path: ComfyUI-Manager
  requirements: requirements.txt
  install: []
- name: ComfyUI-QuantOps
  repo: https://github.com/silveroxides/ComfyUI-QuantOps.git
  commit: 4ffb643cbfdd228fa47ff737aa9a3708b3eadaa1
  path: ComfyUI-QuantOps
  requirements: requirements.txt
  requirements_exclude:
    - triton
  install: []
- name: ComfyUI-UmeAiRT-Toolkit
  repo: https://github.com/UmeAiRT/ComfyUI-UmeAiRT-Toolkit
  commit: null
  path: ComfyUI-UmeAiRT-Toolkit
  requirements: null
  optional: true
  install: []
- name: ComfyUI-Zlycoris
  repo: https://github.com/TripleHeadedMonkey/ComfyUI-Zlycoris
  commit: cc8ecb9952940aa642e71d9b123b2d0a768e84d8
  path: ComfyUI-Zlycoris
  requirements: requirements.txt
  install: []
- name: ComfyUI_FDGuidance
  repo: https://github.com/silveroxides/ComfyUI_FDGuidance
  commit: 2fa4885f1e80299f598728b39af449282b7ed5d8
  path: ComfyUI_FDGuidance
  requirements: null
  install: []
- name: ComfyUI_SamplingUtils
  repo: https://github.com/silveroxides/ComfyUI_SamplingUtils.git
  commit: b7488d429df250fd2bf64de2c599b019a4ed535f
  path: ComfyUI_SamplingUtils
  requirements: requirements.txt
  install: []
- name: ComfyUI_UltimateSDUpscale
  repo: https://github.com/ssitu/ComfyUI_UltimateSDUpscale
  commit: bebd5696fddd61cb0d08949a222c508898ab5577
  path: ComfyUI_UltimateSDUpscale
  requirements: null
  install: []
- name: RES4LYF
  repo: https://github.com/ClownsharkBatwing/RES4LYF
  commit: 0dc91c00c4c3fb38e7874fcd7a2a327765e8882c
  path: RES4LYF
  requirements: requirements.txt
  install: []
- name: comfyui-workflow-to-api-converter-endpoint
  repo: https://github.com/SethRobinson/comfyui-workflow-to-api-converter-endpoint
  commit: bc8538278f82053b3ca10a44d62d02596f8e1a37
  path: comfyui-workflow-to-api-converter-endpoint
  requirements: null
  install: []
- name: rgthree-comfy
  repo: https://github.com/rgthree/rgthree-comfy
  commit: 683836c46e898668936c433502504cc0627482c5
  path: rgthree-comfy
  requirements: requirements.txt
  install: []
- name: was-node-suite-comfyui
  repo: https://github.com/ltdrdata/was-node-suite-comfyui
  commit: afeee09ba44e713ec52a413ac6b105fd06b2d356
  path: was-node-suite-comfyui
  requirements: requirements.txt
  install: []
